{
  "name": "react-starter-2018",
  "version": "1.0.0",
  "lockfileVersion": 1,
  "requires": true,
  "dependencies": {
    "ajv": {
      "version": "5.5.2",
      "resolved": "https://registry.npmjs.org/ajv/-/ajv-5.5.2.tgz",
      "integrity": "sha1-c7Xuyj+rZT49P5Qis0GtQiBdyWU=",
      "dev": true,
      "requires": {
        "co": "4.6.0",
        "fast-deep-equal": "1.1.0",
        "fast-json-stable-stringify": "2.0.0",
        "json-schema-traverse": "0.3.1"
      }
    },
    "async": {
      "version": "2.6.0",
      "resolved": "https://registry.npmjs.org/async/-/async-2.6.0.tgz",
      "integrity": "sha512-xAfGg1/NTLBBKlHFmnd7PlmUW9KhVQIUuSrYem9xzFUZy13ScvtyGGejaae9iAVRiRq9+Cx7DPFaAAhCpyxyPw==",
      "dev": true,
      "requires": {
        "lodash": "4.17.5"
      }
    },
    "big.js": {
      "version": "3.2.0",
      "resolved": "https://registry.npmjs.org/big.js/-/big.js-3.2.0.tgz",
      "integrity": "sha512-+hN/Zh2D08Mx65pZ/4g5bsmNiZUuChDiQfTUQ7qJr4/kuopCr88xZsAXv6mBoZEsUI4OuGHlX59qE94K2mMW8Q==",
      "dev": true
    },
    "clone-deep": {
      "version": "2.0.2",
      "resolved": "https://registry.npmjs.org/clone-deep/-/clone-deep-2.0.2.tgz",
      "integrity": "sha512-SZegPTKjCgpQH63E+eN6mVEEPdQBOUzjyJm5Pora4lrwWRFS8I0QAxV/KD6vV/i0WuijHZWQC1fMsPEdxfdVCQ==",
      "dev": true,
      "requires": {
        "for-own": "1.0.0",
        "is-plain-object": "2.0.4",
        "kind-of": "6.0.2",
        "shallow-clone": "1.0.0"
      }
    },
    "co": {
      "version": "4.6.0",
      "resolved": "https://registry.npmjs.org/co/-/co-4.6.0.tgz",
      "integrity": "sha1-bqa989hTrlTMuOR7+gvz+QMfsYQ=",
      "dev": true
    },
    "emojis-list": {
      "version": "2.1.0",
      "resolved": "https://registry.npmjs.org/emojis-list/-/emojis-list-2.1.0.tgz",
      "integrity": "sha1-TapNnbAPmBmIDHn6RXrlsJof04k=",
      "dev": true
    },
    "extract-text-webpack-plugin": {
      "version": "3.0.2",
      "resolved": "https://registry.npmjs.org/extract-text-webpack-plugin/-/extract-text-webpack-plugin-3.0.2.tgz",
      "integrity": "sha512-bt/LZ4m5Rqt/Crl2HiKuAl/oqg0psx1tsTLkvWbJen1CtD+fftkZhMaQ9HOtY2gWsl2Wq+sABmMVi9z3DhKWQQ==",
      "dev": true,
      "requires": {
        "async": "2.6.0",
        "loader-utils": "1.1.0",
        "schema-utils": "0.3.0",
        "webpack-sources": "1.1.0"
      }
    },
    "fast-deep-equal": {
      "version": "1.1.0",
      "resolved": "https://registry.npmjs.org/fast-deep-equal/-/fast-deep-equal-1.1.0.tgz",
      "integrity": "sha1-wFNHeBfIa1HaqFPIHgWbcz0CNhQ=",
      "dev": true
    },
    "fast-json-stable-stringify": {
      "version": "2.0.0",
      "resolved": "https://registry.npmjs.org/fast-json-stable-stringify/-/fast-json-stable-stringify-2.0.0.tgz",
      "integrity": "sha1-1RQsDK7msRifh9OnYREGT4bIu/I=",
      "dev": true
    },
    "for-in": {
      "version": "1.0.2",
      "resolved": "https://registry.npmjs.org/for-in/-/for-in-1.0.2.tgz",
      "integrity": "sha1-gQaNKVqBQuwKxybG4iAMMPttXoA=",
      "dev": true
    },
    "for-own": {
      "version": "1.0.0",
      "resolved": "https://registry.npmjs.org/for-own/-/for-own-1.0.0.tgz",
      "integrity": "sha1-xjMy9BXO3EsE2/5wz4NklMU8tEs=",
      "dev": true,
      "requires": {
        "for-in": "1.0.2"
      }
    },
    "is-extendable": {
      "version": "0.1.1",
      "resolved": "https://registry.npmjs.org/is-extendable/-/is-extendable-0.1.1.tgz",
      "integrity": "sha1-YrEQ4omkcUGOPsNqYX1HLjAd/Ik=",
      "dev": true
    },
    "is-plain-object": {
      "version": "2.0.4",
      "resolved": "https://registry.npmjs.org/is-plain-object/-/is-plain-object-2.0.4.tgz",
      "integrity": "sha512-h5PpgXkWitc38BBMYawTYMWJHFZJVnBquFE57xFpjB8pJFiF6gZ+bU+WyI/yqXiFR5mdLsgYNaPe8uao6Uv9Og==",
      "dev": true,
      "requires": {
        "isobject": "3.0.1"
      }
    },
    "isobject": {
      "version": "3.0.1",
      "resolved": "https://registry.npmjs.org/isobject/-/isobject-3.0.1.tgz",
      "integrity": "sha1-TkMekrEalzFjaqH5yNHMvP2reN8=",
      "dev": true
    },
    "json-schema-traverse": {
      "version": "0.3.1",
      "resolved": "https://registry.npmjs.org/json-schema-traverse/-/json-schema-traverse-0.3.1.tgz",
      "integrity": "sha1-NJptRMU6Ud6JtAgFxdXlm0F9M0A=",
      "dev": true
    },
    "json5": {
      "version": "0.5.1",
      "resolved": "https://registry.npmjs.org/json5/-/json5-0.5.1.tgz",
      "integrity": "sha1-Hq3nrMASA0rYTiOWdn6tn6VJWCE=",
      "dev": true
    },
    "kind-of": {
      "version": "6.0.2",
      "resolved": "https://registry.npmjs.org/kind-of/-/kind-of-6.0.2.tgz",
      "integrity": "sha512-s5kLOcnH0XqDO+FvuaLX8DDjZ18CGFk7VygH40QoKPUQhW4e2rvM0rwUq0t8IQDOwYSeLK01U90OjzBTme2QqA==",
      "dev": true
    },
    "loader-utils": {
      "version": "1.1.0",
      "resolved": "https://registry.npmjs.org/loader-utils/-/loader-utils-1.1.0.tgz",
      "integrity": "sha1-yYrvSIvM7aL/teLeZG1qdUQp9c0=",
      "dev": true,
      "requires": {
        "big.js": "3.2.0",
        "emojis-list": "2.1.0",
        "json5": "0.5.1"
      }
    },
    "lodash": {
      "version": "4.17.5",
      "resolved": "https://registry.npmjs.org/lodash/-/lodash-4.17.5.tgz",
      "integrity": "sha512-svL3uiZf1RwhH+cWrfZn3A4+U58wbP0tGVTLQPbjplZxZ8ROD9VLuNgsRniTlLe7OlSqR79RUehXgpBW/s0IQw==",
      "dev": true
    },
    "lodash.tail": {
      "version": "4.1.1",
      "resolved": "https://registry.npmjs.org/lodash.tail/-/lodash.tail-4.1.1.tgz",
      "integrity": "sha1-0jM6NtnncXyK0vfKyv7HwytERmQ=",
      "dev": true
    },
    "mixin-object": {
      "version": "2.0.1",
      "resolved": "https://registry.npmjs.org/mixin-object/-/mixin-object-2.0.1.tgz",
      "integrity": "sha1-T7lJRB2rGCVA8f4DW6YOGUel5X4=",
      "dev": true,
      "requires": {
        "for-in": "0.1.8",
        "is-extendable": "0.1.1"
      },
      "dependencies": {
        "for-in": {
          "version": "0.1.8",
          "resolved": "https://registry.npmjs.org/for-in/-/for-in-0.1.8.tgz",
          "integrity": "sha1-2Hc5COMSVhCZUrH9ubP6hn0ndeE=",
          "dev": true
        }
      }
    },
    "neo-async": {
      "version": "2.5.0",
      "resolved": "https://registry.npmjs.org/neo-async/-/neo-async-2.5.0.tgz",
      "integrity": "sha512-nJmSswG4As/MkRq7QZFuH/sf/yuv8ODdMZrY4Bedjp77a5MK4A6s7YbBB64c9u79EBUOfXUXBvArmvzTD0X+6g==",
      "dev": true
    },
    "normalize.css": {
      "version": "8.0.0",
      "resolved": "https://registry.npmjs.org/normalize.css/-/normalize.css-8.0.0.tgz",
      "integrity": "sha512-iXcbM3NWr0XkNyfiSBsoPezi+0V92P9nj84yVV1/UZxRUrGczgX/X91KMAGM0omWLY2+2Q1gKD/XRn4gQRDB2A=="
    },
    "pify": {
      "version": "3.0.0",
      "resolved": "https://registry.npmjs.org/pify/-/pify-3.0.0.tgz",
      "integrity": "sha1-5aSs0sEB/fPZpNB/DbxNtJ3SgXY=",
      "dev": true
    },
    "sass-loader": {
      "version": "6.0.7",
      "resolved": "https://registry.npmjs.org/sass-loader/-/sass-loader-6.0.7.tgz",
      "integrity": "sha512-JoiyD00Yo1o61OJsoP2s2kb19L1/Y2p3QFcCdWdF6oomBGKVYuZyqHWemRBfQ2uGYsk+CH3eCguXNfpjzlcpaA==",
      "dev": true,
      "requires": {
        "clone-deep": "2.0.2",
        "loader-utils": "1.1.0",
        "lodash.tail": "4.1.1",
        "neo-async": "2.5.0",
        "pify": "3.0.0"
      }
    },
    "schema-utils": {
      "version": "0.3.0",
      "resolved": "https://registry.npmjs.org/schema-utils/-/schema-utils-0.3.0.tgz",
      "integrity": "sha1-9YdyIs4+kx7a4DnxfrNxbnE3+M8=",
      "dev": true,
      "requires": {
        "ajv": "5.5.2"
      }
    },
    "shallow-clone": {
      "version": "1.0.0",
      "resolved": "https://registry.npmjs.org/shallow-clone/-/shallow-clone-1.0.0.tgz",
      "integrity": "sha512-oeXreoKR/SyNJtRJMAKPDSvd28OqEwG4eR/xc856cRGBII7gX9lvAqDxusPm0846z/w/hWYjI1NpKwJ00NHzRA==",
      "dev": true,
      "requires": {
        "is-extendable": "0.1.1",
        "kind-of": "5.1.0",
        "mixin-object": "2.0.1"
      },
      "dependencies": {
        "kind-of": {
          "version": "5.1.0",
          "resolved": "https://registry.npmjs.org/kind-of/-/kind-of-5.1.0.tgz",
          "integrity": "sha512-NGEErnH6F2vUuXDh+OlbcKW7/wOcfdRHaZ7VWtqCztfHri/++YKmP51OdWeGPuqCOba6kk2OTe5d02VmTB80Pw==",
          "dev": true
        }
      }
    },
    "source-list-map": {
      "version": "2.0.0",
      "resolved": "https://registry.npmjs.org/source-list-map/-/source-list-map-2.0.0.tgz",
      "integrity": "sha512-I2UmuJSRr/T8jisiROLU3A3ltr+swpniSmNPI4Ml3ZCX6tVnDsuZzK7F2hl5jTqbZBWCEKlj5HRQiPExXLgE8A==",
      "dev": true
    },
    "source-map": {
      "version": "0.6.1",
      "resolved": "https://registry.npmjs.org/source-map/-/source-map-0.6.1.tgz",
      "integrity": "sha512-UjgapumWlbMhkBgzT7Ykc5YXUT46F0iKu8SGXq0bcwP5dz/h0Plj6enJqjz1Zbq2l5WaqYnrVbwWOWMyF3F47g==",
      "dev": true
    },
    "webpack-sources": {
      "version": "1.1.0",
      "resolved": "https://registry.npmjs.org/webpack-sources/-/webpack-sources-1.1.0.tgz",
      "integrity": "sha512-aqYp18kPphgoO5c/+NaUvEeACtZjMESmDChuD3NBciVpah3XpMEU9VAAtIaB1BsfJWWTSdv8Vv1m3T0aRk2dUw==",
      "dev": true,
      "requires": {
        "source-list-map": "2.0.0",
        "source-map": "0.6.1"
      }
    }
  }
}
